{
  "name": "dsh-my-notify",
  "version": "0.3.9",
  "lockfileVersion": 3,
  "requires": true,
  "packages": {
    "": {
      "name": "dsh-my-notify",
      "version": "0.3.9",
      "license": "MIT",
      "dependencies": {
        "dsh-shared": "^0.1.4",
        "tmp": "^0.2.7"
      },
      "engines": {
        "node": ">=22"
      },
      "peerDependencies": {
        "@deepseek-ai/dsh-session-title": "^0.1.5-rc.2",
        "cordis": "^4.0.0-rc.10",
        "react": "^18.2.0 || ^19.3.0"
      },
      "peerDependenciesMeta": {
        "@deepseek-ai/dsh-session-title": {
          "optional": true
        },
        "cordis": {
          "optional": true
        }
      }
    },
    "node_modules/dsh-shared": {
      "version": "0.1.4",
      "resolved": "https://registry.npmmirror.com/dsh-shared/-/dsh-shared-0.1.4.tgz",
      "integrity": "sha512-PC2XhN+DYnO1KMn8OFVgljcoJG/RR8meCSfFOkBuY20mHpsQFM/z9PIYL0l4AzzurlC0FDA3Kg6SiYroH5mDhg==",
      "license": "MIT",
      "engines": {
        "node": ">=20"
      }
    },
    "node_modules/react": {
      "version": "19.3.0",
      "resolved": "https://registry.npmmirror.com/react/-/react-19.3.0.tgz",
      "integrity": "sha512-E8LUcbtBWt20bbl2YoHfx4ZDBdxVTfOKtCZn9cDSJ4l6/nuoApcpIBcj47t2wZoVX8g2ZHuMHbiShgCR1T5Sog==",
      "license": "MIT",
      "peer": true,
      "engines": {
        "node": ">=0.10.0"
      }
    },
    "node_modules/tmp": {
      "version": "0.2.7",
      "resolved": "https://registry.npmmirror.com/tmp/-/tmp-0.2.7.tgz",
      "integrity": "sha512-e0votIpp4Uo2AJYSzVHV6xCcawuiez3DzqDAbrTc3YxBkplN6e+dM13ZeIcZnDg/QpSuU2zfZ3rzwY8ukEnaXw==",
      "license": "MIT",
      "engines": {
        "node": ">=14.14"
      }
    }
  }
}
